# THIS IS AN AUTOGENERATED FILE. DO NOT EDIT THIS FILE DIRECTLY.
# yarn lockfile v1


swiper@^10.2.0:
  version "10.2.0"
  resolved "https://registry.yarnpkg.com/swiper/-/swiper-10.2.0.tgz#e7369ff56f4e10069f2244a4436f732b8925deb0"
  integrity sha512-nktQsOtBInJjr3f5DicxC8eHYGcLXDVIGPSon0QoXRaO6NjKnATCbQ8SZsD3dN1Ph1RH4EhVPwSYCcuDRFWHGQ==
